
Microsoft Visual Studio Solution File, Format Version 12.00
# Visual Studio Version 16
VisualStudioVersion = 16.0.30320.27
MinimumVisualStudioVersion = 10.0.40219.1
Project("{9A19103F-16F7-4668-BE54-9A1E7A4F7556}") = "My.World.Web", "My.World.Web\My.World.Web.csproj", "{FA44A2AB-0607-47E3-B6B9-175EADE1B5E0}"
EndProject
Project("{9A19103F-16F7-4668-BE54-9A1E7A4F7556}") = "My.World.Api", "My.World.Api\My.World.Api.csproj", "{D3D98968-D901-4092-81B5-9BF825B0140E}"
EndProject
Project("{9A19103F-16F7-4668-BE54-9A1E7A4F7556}") = "My.World.Models", "My.World.Models\My.World.Models.csproj", "{2B794FA5-1C04-455E-8578-5C2E6EC0E4A6}"
EndProject
Global
	GlobalSection(SolutionConfigurationPlatforms) = preSolution
		Debug|Any CPU = Debug|Any CPU
		Release|Any CPU = Release|Any CPU
	EndGlobalSection
	GlobalSection(ProjectConfigurationPlatforms) = postSolution
		{FA44A2AB-0607-47E3-B6B9-175EADE1B5E0}.Debug|Any CPU.ActiveCfg = Debug|Any CPU
		{FA44A2AB-0607-47E3-B6B9-175EADE1B5E0}.Debug|Any CPU.Build.0 = Debug|Any CPU
		{FA44A2AB-0607-47E3-B6B9-175EADE1B5E0}.Release|Any CPU.ActiveCfg = Release|Any CPU
		{FA44A2AB-0607-47E3-B6B9-175EADE1B5E0}.Release|Any CPU.Build.0 = Release|Any CPU
		{D3D98968-D901-4092-81B5-9BF825B0140E}.Debug|Any CPU.ActiveCfg = Debug|Any CPU
		{D3D98968-D901-4092-81B5-9BF825B0140E}.Debug|Any CPU.Build.0 = Debug|Any CPU
		{D3D98968-D901-4092-81B5-9BF825B0140E}.Release|Any CPU.ActiveCfg = Release|Any CPU
		{D3D98968-D901-4092-81B5-9BF825B0140E}.Release|Any CPU.Build.0 = Release|Any CPU
		{2B794FA5-1C04-455E-8578-5C2E6EC0E4A6}.Debug|Any CPU.ActiveCfg = Debug|Any CPU
		{2B794FA5-1C04-455E-8578-5C2E6EC0E4A6}.Debug|Any CPU.Build.0 = Debug|Any CPU
		{2B794FA5-1C04-455E-8578-5C2E6EC0E4A6}.Release|Any CPU.ActiveCfg = Release|Any CPU
		{2B794FA5-1C04-455E-8578-5C2E6EC0E4A6}.Release|Any CPU.Build.0 = Release|Any CPU
	EndGlobalSection
	GlobalSection(SolutionProperties) = preSolution
		HideSolutionNode = FALSE
	EndGlobalSection
	GlobalSection(ExtensibilityGlobals) = postSolution
		SolutionGuid = {E3556C36-5846-4601-A6FC-99572EDA284C}
	EndGlobalSection
EndGlobal
